
Microsoft Visual Studio Solution File, Format Version 12.00
# Visual Studio Version 16
VisualStudioVersion = 16.0.29324.140
MinimumVisualStudioVersion = 10.0.40219.1
Project("{FAE04EC0-301F-11D3-BF4B-00C04F79EFBC}") = "DemoApp", "DemoApp\DemoApp.csproj", "{0F00062B-B2C4-4783-B2BC-A22A4F31C0BF}"
EndProject
Project("{FAE04EC0-301F-11D3-BF4B-00C04F79EFBC}") = "DemoApp.Shared", "DemoApp.Shared\DemoApp.Shared.csproj", "{2AB7DC1A-51D2-4939-8C91-B79305196074}"
EndProject
Global
	GlobalSection(SolutionConfigurationPlatforms) = preSolution
		Debug|Any CPU = Debug|Any CPU
		Release|Any CPU = Release|Any CPU
	EndGlobalSection
	GlobalSection(ProjectConfigurationPlatforms) = postSolution
		{0F00062B-B2C4-4783-B2BC-A22A4F31C0BF}.Debug|Any CPU.ActiveCfg = Debug|Any CPU
		{0F00062B-B2C4-4783-B2BC-A22A4F31C0BF}.Debug|Any CPU.Build.0 = Debug|Any CPU
		{0F00062B-B2C4-4783-B2BC-A22A4F31C0BF}.Debug|Any CPU.Deploy.0 = Debug|Any CPU
		{0F00062B-B2C4-4783-B2BC-A22A4F31C0BF}.Release|Any CPU.ActiveCfg = Release|Any CPU
		{0F00062B-B2C4-4783-B2BC-A22A4F31C0BF}.Release|Any CPU.Build.0 = Release|Any CPU
		{0F00062B-B2C4-4783-B2BC-A22A4F31C0BF}.Release|Any CPU.Deploy.0 = Release|Any CPU
		{2AB7DC1A-51D2-4939-8C91-B79305196074}.Debug|Any CPU.ActiveCfg = Debug|Any CPU
		{2AB7DC1A-51D2-4939-8C91-B79305196074}.Debug|Any CPU.Build.0 = Debug|Any CPU
		{2AB7DC1A-51D2-4939-8C91-B79305196074}.Release|Any CPU.ActiveCfg = Release|Any CPU
		{2AB7DC1A-51D2-4939-8C91-B79305196074}.Release|Any CPU.Build.0 = Release|Any CPU
	EndGlobalSection
	GlobalSection(SolutionProperties) = preSolution
		HideSolutionNode = FALSE
	EndGlobalSection
	GlobalSection(ExtensibilityGlobals) = postSolution
		SolutionGuid = {4223FEED-922F-4A4C-93DF-68F2FC4FB375}
	EndGlobalSection
EndGlobal
